
Microsoft Visual Studio Solution File, Format Version 12.00
# Visual Studio Version 17
VisualStudioVersion = 17.9.34728.123
MinimumVisualStudioVersion = 10.0.40219.1
Project("{FAE04EC0-301F-11D3-BF4B-00C04F79EFBC}") = "System Programming task2", "System Programming task2\System Programming task2.csproj", "{C3B0C0E5-4D76-40F4-99E6-2E34B6E0697E}"
EndProject
Global
	GlobalSection(SolutionConfigurationPlatforms) = preSolution
		Debug|Any CPU = Debug|Any CPU
		Release|Any CPU = Release|Any CPU
	EndGlobalSection
	GlobalSection(ProjectConfigurationPlatforms) = postSolution
		{C3B0C0E5-4D76-40F4-99E6-2E34B6E0697E}.Debug|Any CPU.ActiveCfg = Debug|Any CPU
		{C3B0C0E5-4D76-40F4-99E6-2E34B6E0697E}.Debug|Any CPU.Build.0 = Debug|Any CPU
		{C3B0C0E5-4D76-40F4-99E6-2E34B6E0697E}.Release|Any CPU.ActiveCfg = Release|Any CPU
		{C3B0C0E5-4D76-40F4-99E6-2E34B6E0697E}.Release|Any CPU.Build.0 = Release|Any CPU
	EndGlobalSection
	GlobalSection(SolutionProperties) = preSolution
		HideSolutionNode = FALSE
	EndGlobalSection
	GlobalSection(ExtensibilityGlobals) = postSolution
		SolutionGuid = {AAF9D74C-F058-44B4-BC29-9D8383970426}
	EndGlobalSection
EndGlobal
